// !$*UTF8*$!
{
	archiveVersion = 1;
	classes = {
	};
	objectVersion = 56;
	objects = {

/* Begin PBXBuildFile section */
		1F1DD3A12AC1CA60004EBFA7 /* PurchasePopup.swift in Sources */ = {isa = PBXBuildFile; fileRef = 1F1DD3A02AC1CA60004EBFA7 /* PurchasePopup.swift */; };
		1F2F8E772AAF98F700AE2BA2 /* EnkantoApp.swift in Sources */ = {isa = PBXBuildFile; fileRef = 1F2F8E762AAF98F700AE2BA2 /* EnkantoApp.swift */; };
		1F2F8E792AAF98F700AE2BA2 /* ContentView.swift in Sources */ = {isa = PBXBuildFile; fileRef = 1F2F8E782AAF98F700AE2BA2 /* ContentView.swift */; };
		1F2F8E7B2AAF98F800AE2BA2 /* Assets.xcassets in Resources */ = {isa = PBXBuildFile; fileRef = 1F2F8E7A2AAF98F800AE2BA2 /* Assets.xcassets */; };
		1F2F8E7E2AAF98F800AE2BA2 /* Preview Assets.xcassets in Resources */ = {isa = PBXBuildFile; fileRef = 1F2F8E7D2AAF98F800AE2BA2 /* Preview Assets.xcassets */; };
		1F2F8E852AAFA03600AE2BA2 /* MainView.swift in Sources */ = {isa = PBXBuildFile; fileRef = 1F2F8E842AAFA03600AE2BA2 /* MainView.swift */; };
		1F2F8E872AAFA23900AE2BA2 /* TabBarButtonView.swift in Sources */ = {isa = PBXBuildFile; fileRef = 1F2F8E862AAFA23900AE2BA2 /* TabBarButtonView.swift */; };
		1F3353F42AB1DCB100DE758C /* ProfileView.swift in Sources */ = {isa = PBXBuildFile; fileRef = 1F3353F32AB1DCB100DE758C /* ProfileView.swift */; };
		1F3353F62AB1DE4100DE758C /* RoundedImage.swift in Sources */ = {isa = PBXBuildFile; fileRef = 1F3353F52AB1DE4100DE758C /* RoundedImage.swift */; };
		1F3353F92AB1E07A00DE758C /* Kingfisher in Frameworks */ = {isa = PBXBuildFile; productRef = 1F3353F82AB1E07A00DE758C /* Kingfisher */; };
		1F3353FC2AB1EDA100DE758C /* ProfileButtonView.swift in Sources */ = {isa = PBXBuildFile; fileRef = 1F3353FB2AB1EDA100DE758C /* ProfileButtonView.swift */; };
		1F3353FE2AB1FDD200DE758C /* ProfileSwipePromo.swift in Sources */ = {isa = PBXBuildFile; fileRef = 1F3353FD2AB1FDD200DE758C /* ProfileSwipePromo.swift */; };
		1F41F6DE2ABB16EF00BA6C7C /* UserManager.swift in Sources */ = {isa = PBXBuildFile; fileRef = 1F41F6DD2ABB16EF00BA6C7C /* UserManager.swift */; };
		1F41F6E02ABB176500BA6C7C /* User.swift in Sources */ = {isa = PBXBuildFile; fileRef = 1F41F6DF2ABB176500BA6C7C /* User.swift */; };
		1F41F6E32ABB1C2C00BA6C7C /* LikesView.swift in Sources */ = {isa = PBXBuildFile; fileRef = 1F41F6E22ABB1C2C00BA6C7C /* LikesView.swift */; };
		1F41F6E52ABB255C00BA6C7C /* PersonSquare.swift in Sources */ = {isa = PBXBuildFile; fileRef = 1F41F6E42ABB255C00BA6C7C /* PersonSquare.swift */; };
		1F41F6E72ABB5EF600BA6C7C /* TopPicksView.swift in Sources */ = {isa = PBXBuildFile; fileRef = 1F41F6E62ABB5EF600BA6C7C /* TopPicksView.swift */; };
		1F41F6E92ABB61D400BA6C7C /* MatchesView.swift in Sources */ = {isa = PBXBuildFile; fileRef = 1F41F6E82ABB61D400BA6C7C /* MatchesView.swift */; };
		1F965DF12AB0A81D00383577 /* AppStageManager.swift in Sources */ = {isa = PBXBuildFile; fileRef = 1F965DF02AB0A81D00383577 /* AppStageManager.swift */; };
		1F965DF32AB0AAB900383577 /* Extensions.swift in Sources */ = {isa = PBXBuildFile; fileRef = 1F965DF22AB0AAB900383577 /* Extensions.swift */; };
		1FAF50422AB8C5C9007E68CE /* MessageListView.swift in Sources */ = {isa = PBXBuildFile; fileRef = 1FAF50412AB8C5C9007E68CE /* MessageListView.swift */; };
		1FAF50442AB8C61E007E68CE /* MessageListVM.swift in Sources */ = {isa = PBXBuildFile; fileRef = 1FAF50432AB8C61E007E68CE /* MessageListVM.swift */; };
		1FAF7D7F2AB3351900AE6990 /* Message.swift in Sources */ = {isa = PBXBuildFile; fileRef = 1FAF7D7E2AB3351900AE6990 /* Message.swift */; };
		1FAF7D812AB335F100AE6990 /* Person.swift in Sources */ = {isa = PBXBuildFile; fileRef = 1FAF7D802AB335F100AE6990 /* Person.swift */; };
		1FAF7D832AB336BD00AE6990 /* MessagePreview.swift in Sources */ = {isa = PBXBuildFile; fileRef = 1FAF7D822AB336BD00AE6990 /* MessagePreview.swift */; };
		1FAF7D852AB337EB00AE6990 /* MessageView.swift in Sources */ = {isa = PBXBuildFile; fileRef = 1FAF7D842AB337EB00AE6990 /* MessageView.swift */; };
		1FAF7D872AB33B3000AE6990 /* ChatView.swift in Sources */ = {isa = PBXBuildFile; fileRef = 1FAF7D862AB33B3000AE6990 /* ChatView.swift */; };
		1FAF7D892AB33B7B00AE6990 /* ChatManager.swift in Sources */ = {isa = PBXBuildFile; fileRef = 1FAF7D882AB33B7B00AE6990 /* ChatManager.swift */; };
		1FAF7D8B2AB33D7700AE6990 /* ChatViewHeader.swift in Sources */ = {isa = PBXBuildFile; fileRef = 1FAF7D8A2AB33D7700AE6990 /* ChatViewHeader.swift */; };
		1FEAA14E2AB9CD12006E1489 /* MessageRowView.swift in Sources */ = {isa = PBXBuildFile; fileRef = 1FEAA14D2AB9CD12006E1489 /* MessageRowView.swift */; };
/* End PBXBuildFile section */

/* Begin PBXFileReference section */
		1F1DD3A02AC1CA60004EBFA7 /* PurchasePopup.swift */ = {isa = PBXFileReference; lastKnownFileType = sourcecode.swift; path = PurchasePopup.swift; sourceTree = "<group>"; };
		1F2F8E732AAF98F700AE2BA2 /* Enkanto.app */ = {isa = PBXFileReference; explicitFileType = wrapper.application; includeInIndex = 0; path = Enkanto.app; sourceTree = BUILT_PRODUCTS_DIR; };
		1F2F8E762AAF98F700AE2BA2 /* EnkantoApp.swift */ = {isa = PBXFileReference; lastKnownFileType = sourcecode.swift; path = EnkantoApp.swift; sourceTree = "<group>"; };
		1F2F8E782AAF98F700AE2BA2 /* ContentView.swift */ = {isa = PBXFileReference; lastKnownFileType = sourcecode.swift; path = ContentView.swift; sourceTree = "<group>"; };
		1F2F8E7A2AAF98F800AE2BA2 /* Assets.xcassets */ = {isa = PBXFileReference; lastKnownFileType = folder.assetcatalog; path = Assets.xcassets; sourceTree = "<group>"; };
		1F2F8E7D2AAF98F800AE2BA2 /* Preview Assets.xcassets */ = {isa = PBXFileReference; lastKnownFileType = folder.assetcatalog; path = "Preview Assets.xcassets"; sourceTree = "<group>"; };
		1F2F8E842AAFA03600AE2BA2 /* MainView.swift */ = {isa = PBXFileReference; lastKnownFileType = sourcecode.swift; path = MainView.swift; sourceTree = "<group>"; };
		1F2F8E862AAFA23900AE2BA2 /* TabBarButtonView.swift */ = {isa = PBXFileReference; lastKnownFileType = sourcecode.swift; path = TabBarButtonView.swift; sourceTree = "<group>"; };
		1F3353F32AB1DCB100DE758C /* ProfileView.swift */ = {isa = PBXFileReference; lastKnownFileType = sourcecode.swift; path = ProfileView.swift; sourceTree = "<group>"; };
		1F3353F52AB1DE4100DE758C /* RoundedImage.swift */ = {isa = PBXFileReference; lastKnownFileType = sourcecode.swift; path = RoundedImage.swift; sourceTree = "<group>"; };
		1F3353FB2AB1EDA100DE758C /* ProfileButtonView.swift */ = {isa = PBXFileReference; lastKnownFileType = sourcecode.swift; path = ProfileButtonView.swift; sourceTree = "<group>"; };
		1F3353FD2AB1FDD200DE758C /* ProfileSwipePromo.swift */ = {isa = PBXFileReference; lastKnownFileType = sourcecode.swift; path = ProfileSwipePromo.swift; sourceTree = "<group>"; };
		1F41F6DD2ABB16EF00BA6C7C /* UserManager.swift */ = {isa = PBXFileReference; lastKnownFileType = sourcecode.swift; path = UserManager.swift; sourceTree = "<group>"; };
		1F41F6DF2ABB176500BA6C7C /* User.swift */ = {isa = PBXFileReference; lastKnownFileType = sourcecode.swift; path = User.swift; sourceTree = "<group>"; };
		1F41F6E22ABB1C2C00BA6C7C /* LikesView.swift */ = {isa = PBXFileReference; lastKnownFileType = sourcecode.swift; path = LikesView.swift; sourceTree = "<group>"; };
		1F41F6E42ABB255C00BA6C7C /* PersonSquare.swift */ = {isa = PBXFileReference; lastKnownFileType = sourcecode.swift; path = PersonSquare.swift; sourceTree = "<group>"; };
		1F41F6E62ABB5EF600BA6C7C /* TopPicksView.swift */ = {isa = PBXFileReference; lastKnownFileType = sourcecode.swift; path = TopPicksView.swift; sourceTree = "<group>"; };
		1F41F6E82ABB61D400BA6C7C /* MatchesView.swift */ = {isa = PBXFileReference; lastKnownFileType = sourcecode.swift; path = MatchesView.swift; sourceTree = "<group>"; };
		1F965DF02AB0A81D00383577 /* AppStageManager.swift */ = {isa = PBXFileReference; lastKnownFileType = sourcecode.swift; path = AppStageManager.swift; sourceTree = "<group>"; };
		1F965DF22AB0AAB900383577 /* Extensions.swift */ = {isa = PBXFileReference; lastKnownFileType = sourcecode.swift; path = Extensions.swift; sourceTree = "<group>"; };
		1FAF50412AB8C5C9007E68CE /* MessageListView.swift */ = {isa = PBXFileReference; lastKnownFileType = sourcecode.swift; path = MessageListView.swift; sourceTree = "<group>"; };
		1FAF50432AB8C61E007E68CE /* MessageListVM.swift */ = {isa = PBXFileReference; lastKnownFileType = sourcecode.swift; path = MessageListVM.swift; sourceTree = "<group>"; };
		1FAF7D7E2AB3351900AE6990 /* Message.swift */ = {isa = PBXFileReference; lastKnownFileType = sourcecode.swift; path = Message.swift; sourceTree = "<group>"; };
		1FAF7D802AB335F100AE6990 /* Person.swift */ = {isa = PBXFileReference; lastKnownFileType = sourcecode.swift; path = Person.swift; sourceTree = "<group>"; };
		1FAF7D822AB336BD00AE6990 /* MessagePreview.swift */ = {isa = PBXFileReference; lastKnownFileType = sourcecode.swift; path = MessagePreview.swift; sourceTree = "<group>"; };
		1FAF7D842AB337EB00AE6990 /* MessageView.swift */ = {isa = PBXFileReference; lastKnownFileType = sourcecode.swift; path = MessageView.swift; sourceTree = "<group>"; };
		1FAF7D862AB33B3000AE6990 /* ChatView.swift */ = {isa = PBXFileReference; lastKnownFileType = sourcecode.swift; path = ChatView.swift; sourceTree = "<group>"; };
		1FAF7D882AB33B7B00AE6990 /* ChatManager.swift */ = {isa = PBXFileReference; lastKnownFileType = sourcecode.swift; path = ChatManager.swift; sourceTree = "<group>"; };
		1FAF7D8A2AB33D7700AE6990 /* ChatViewHeader.swift */ = {isa = PBXFileReference; lastKnownFileType = sourcecode.swift; path = ChatViewHeader.swift; sourceTree = "<group>"; };
		1FEAA14D2AB9CD12006E1489 /* MessageRowView.swift */ = {isa = PBXFileReference; lastKnownFileType = sourcecode.swift; path = MessageRowView.swift; sourceTree = "<group>"; };
/* End PBXFileReference section */

/* Begin PBXFrameworksBuildPhase section */
		1F2F8E702AAF98F700AE2BA2 /* Frameworks */ = {
			isa = PBXFrameworksBuildPhase;
			buildActionMask = 2147483647;
			files = (
				1F3353F92AB1E07A00DE758C /* Kingfisher in Frameworks */,
			);
			runOnlyForDeploymentPostprocessing = 0;
		};
/* End PBXFrameworksBuildPhase section */

/* Begin PBXGroup section */
		1F1DD39F2AC1CA4F004EBFA7 /* Popups */ = {
			isa = PBXGroup;
			children = (
				1F1DD3A02AC1CA60004EBFA7 /* PurchasePopup.swift */,
			);
			path = Popups;
			sourceTree = "<group>";
		};
		1F2F8E6A2AAF98F700AE2BA2 = {
			isa = PBXGroup;
			children = (
				1F2F8E752AAF98F700AE2BA2 /* Enkanto */,
				1F2F8E742AAF98F700AE2BA2 /* Products */,
			);
			sourceTree = "<group>";
		};
		1F2F8E742AAF98F700AE2BA2 /* Products */ = {
			isa = PBXGroup;
			children = (
				1F2F8E732AAF98F700AE2BA2 /* Enkanto.app */,
			);
			name = Products;
			sourceTree = "<group>";
		};
		1F2F8E752AAF98F700AE2BA2 /* Enkanto */ = {
			isa = PBXGroup;
			children = (
				1F1DD39F2AC1CA4F004EBFA7 /* Popups */,
				1F41F6E12ABB1C1600BA6C7C /* MatchesView */,
				1FAF7D7D2AB334FA00AE6990 /* Model */,
				1F3353FA2AB1E16100DE758C /* HelperView */,
				1F3353F02AB1DC8800DE758C /* Profile */,
				1F3353EF2AB1DC6F00DE758C /* MainTabBar */,
				1FAF7D7C2AB334B400AE6990 /* Messages */,
				1F2F8E782AAF98F700AE2BA2 /* ContentView.swift */,
				1F2F8E762AAF98F700AE2BA2 /* EnkantoApp.swift */,
				1F965DF02AB0A81D00383577 /* AppStageManager.swift */,
				1F965DF22AB0AAB900383577 /* Extensions.swift */,
				1F2F8E7A2AAF98F800AE2BA2 /* Assets.xcassets */,
				1F2F8E7C2AAF98F800AE2BA2 /* Preview Content */,
			);
			path = Enkanto;
			sourceTree = "<group>";
		};
		1F2F8E7C2AAF98F800AE2BA2 /* Preview Content */ = {
			isa = PBXGroup;
			children = (
				1F2F8E7D2AAF98F800AE2BA2 /* Preview Assets.xcassets */,
			);
			path = "Preview Content";
			sourceTree = "<group>";
		};
		1F3353EF2AB1DC6F00DE758C /* MainTabBar */ = {
			isa = PBXGroup;
			children = (
				1F2F8E842AAFA03600AE2BA2 /* MainView.swift */,
				1F2F8E862AAFA23900AE2BA2 /* TabBarButtonView.swift */,
			);
			path = MainTabBar;
			sourceTree = "<group>";
		};
		1F3353F02AB1DC8800DE758C /* Profile */ = {
			isa = PBXGroup;
			children = (
				1F3353F32AB1DCB100DE758C /* ProfileView.swift */,
				1F3353FB2AB1EDA100DE758C /* ProfileButtonView.swift */,
				1F3353FD2AB1FDD200DE758C /* ProfileSwipePromo.swift */,
			);
			path = Profile;
			sourceTree = "<group>";
		};
		1F3353FA2AB1E16100DE758C /* HelperView */ = {
			isa = PBXGroup;
			children = (
				1F3353F52AB1DE4100DE758C /* RoundedImage.swift */,
			);
			path = HelperView;
			sourceTree = "<group>";
		};
		1F41F6E12ABB1C1600BA6C7C /* MatchesView */ = {
			isa = PBXGroup;
			children = (
				1F41F6E22ABB1C2C00BA6C7C /* LikesView.swift */,
				1F41F6E42ABB255C00BA6C7C /* PersonSquare.swift */,
				1F41F6E62ABB5EF600BA6C7C /* TopPicksView.swift */,
				1F41F6E82ABB61D400BA6C7C /* MatchesView.swift */,
			);
			path = MatchesView;
			sourceTree = "<group>";
		};
		1FAF7D7C2AB334B400AE6990 /* Messages */ = {
			isa = PBXGroup;
			children = (
				1FAF7D842AB337EB00AE6990 /* MessageView.swift */,
				1FAF7D862AB33B3000AE6990 /* ChatView.swift */,
				1FAF7D882AB33B7B00AE6990 /* ChatManager.swift */,
				1FAF7D8A2AB33D7700AE6990 /* ChatViewHeader.swift */,
				1FAF50412AB8C5C9007E68CE /* MessageListView.swift */,
				1FEAA14D2AB9CD12006E1489 /* MessageRowView.swift */,
				1FAF50432AB8C61E007E68CE /* MessageListVM.swift */,
			);
			path = Messages;
			sourceTree = "<group>";
		};
		1FAF7D7D2AB334FA00AE6990 /* Model */ = {
			isa = PBXGroup;
			children = (
				1FAF7D7E2AB3351900AE6990 /* Message.swift */,
				1FAF7D802AB335F100AE6990 /* Person.swift */,
				1FAF7D822AB336BD00AE6990 /* MessagePreview.swift */,
				1F41F6DD2ABB16EF00BA6C7C /* UserManager.swift */,
				1F41F6DF2ABB176500BA6C7C /* User.swift */,
			);
			path = Model;
			sourceTree = "<group>";
		};
/* End PBXGroup section */

/* Begin PBXNativeTarget section */
		1F2F8E722AAF98F700AE2BA2 /* Enkanto */ = {
			isa = PBXNativeTarget;
			buildConfigurationList = 1F2F8E812AAF98F800AE2BA2 /* Build configuration list for PBXNativeTarget "Enkanto" */;
			buildPhases = (
				1F2F8E6F2AAF98F700AE2BA2 /* Sources */,
				1F2F8E702AAF98F700AE2BA2 /* Frameworks */,
				1F2F8E712AAF98F700AE2BA2 /* Resources */,
			);
			buildRules = (
			);
			dependencies = (
			);
			name = Enkanto;
			packageProductDependencies = (
				1F3353F82AB1E07A00DE758C /* Kingfisher */,
			);
			productName = Enkanto;
			productReference = 1F2F8E732AAF98F700AE2BA2 /* Enkanto.app */;
			productType = "com.apple.product-type.application";
		};
/* End PBXNativeTarget section */

/* Begin PBXProject section */
		1F2F8E6B2AAF98F700AE2BA2 /* Project object */ = {
			isa = PBXProject;
			attributes = {
				BuildIndependentTargetsInParallel = 1;
				LastSwiftUpdateCheck = 1430;
				LastUpgradeCheck = 1430;
				TargetAttributes = {
					1F2F8E722AAF98F700AE2BA2 = {
						CreatedOnToolsVersion = 14.3.1;
					};
				};
			};
			buildConfigurationList = 1F2F8E6E2AAF98F700AE2BA2 /* Build configuration list for PBXProject "Enkanto" */;
			compatibilityVersion = "Xcode 14.0";
			developmentRegion = en;
			hasScannedForEncodings = 0;
			knownRegions = (
				en,
				Base,
			);
			mainGroup = 1F2F8E6A2AAF98F700AE2BA2;
			packageReferences = (
				1F3353F72AB1E07A00DE758C /* XCRemoteSwiftPackageReference "Kingfisher" */,
			);
			productRefGroup = 1F2F8E742AAF98F700AE2BA2 /* Products */;
			projectDirPath = "";
			projectRoot = "";
			targets = (
				1F2F8E722AAF98F700AE2BA2 /* Enkanto */,
			);
		};
/* End PBXProject section */

/* Begin PBXResourcesBuildPhase section */
		1F2F8E712AAF98F700AE2BA2 /* Resources */ = {
			isa = PBXResourcesBuildPhase;
			buildActionMask = 2147483647;
			files = (
				1F2F8E7E2AAF98F800AE2BA2 /* Preview Assets.xcassets in Resources */,
				1F2F8E7B2AAF98F800AE2BA2 /* Assets.xcassets in Resources */,
			);
			runOnlyForDeploymentPostprocessing = 0;
		};
/* End PBXResourcesBuildPhase section */

/* Begin PBXSourcesBuildPhase section */
		1F2F8E6F2AAF98F700AE2BA2 /* Sources */ = {
			isa = PBXSourcesBuildPhase;
			buildActionMask = 2147483647;
			files = (
				1F2F8E872AAFA23900AE2BA2 /* TabBarButtonView.swift in Sources */,
				1F3353F62AB1DE4100DE758C /* RoundedImage.swift in Sources */,
				1F41F6E92ABB61D400BA6C7C /* MatchesView.swift in Sources */,
				1F965DF32AB0AAB900383577 /* Extensions.swift in Sources */,
				1FAF50442AB8C61E007E68CE /* MessageListVM.swift in Sources */,
				1F965DF12AB0A81D00383577 /* AppStageManager.swift in Sources */,
				1FAF50422AB8C5C9007E68CE /* MessageListView.swift in Sources */,
				1F2F8E792AAF98F700AE2BA2 /* ContentView.swift in Sources */,
				1F2F8E852AAFA03600AE2BA2 /* MainView.swift in Sources */,
				1FAF7D8B2AB33D7700AE6990 /* ChatViewHeader.swift in Sources */,
				1F41F6DE2ABB16EF00BA6C7C /* UserManager.swift in Sources */,
				1F41F6E02ABB176500BA6C7C /* User.swift in Sources */,
				1F1DD3A12AC1CA60004EBFA7 /* PurchasePopup.swift in Sources */,
				1FAF7D832AB336BD00AE6990 /* MessagePreview.swift in Sources */,
				1FAF7D892AB33B7B00AE6990 /* ChatManager.swift in Sources */,
				1F41F6E52ABB255C00BA6C7C /* PersonSquare.swift in Sources */,
				1FEAA14E2AB9CD12006E1489 /* MessageRowView.swift in Sources */,
				1F41F6E72ABB5EF600BA6C7C /* TopPicksView.swift in Sources */,
				1F41F6E32ABB1C2C00BA6C7C /* LikesView.swift in Sources */,
				1FAF7D872AB33B3000AE6990 /* ChatView.swift in Sources */,
				1FAF7D812AB335F100AE6990 /* Person.swift in Sources */,
				1FAF7D7F2AB3351900AE6990 /* Message.swift in Sources */,
				1F3353FE2AB1FDD200DE758C /* ProfileSwipePromo.swift in Sources */,
				1F3353F42AB1DCB100DE758C /* ProfileView.swift in Sources */,
				1F3353FC2AB1EDA100DE758C /* ProfileButtonView.swift in Sources */,
				1FAF7D852AB337EB00AE6990 /* MessageView.swift in Sources */,
				1F2F8E772AAF98F700AE2BA2 /* EnkantoApp.swift in Sources */,
			);
			runOnlyForDeploymentPostprocessing = 0;
		};
/* End PBXSourcesBuildPhase section */

/* Begin XCBuildConfiguration section */
		1F2F8E7F2AAF98F800AE2BA2 /* Debug */ = {
			isa = XCBuildConfiguration;
			buildSettings = {
				ALWAYS_SEARCH_USER_PATHS = NO;
				CLANG_ANALYZER_NONNULL = YES;
				CLANG_ANALYZER_NUMBER_OBJECT_CONVERSION = YES_AGGRESSIVE;
				CLANG_CXX_LANGUAGE_STANDARD = "gnu++20";
				CLANG_ENABLE_MODULES = YES;
				CLANG_ENABLE_OBJC_ARC = YES;
				CLANG_ENABLE_OBJC_WEAK = YES;
				CLANG_WARN_BLOCK_CAPTURE_AUTORELEASING = YES;
				CLANG_WARN_BOOL_CONVERSION = YES;
				CLANG_WARN_COMMA = YES;
				CLANG_WARN_CONSTANT_CONVERSION = YES;
				CLANG_WARN_DEPRECATED_OBJC_IMPLEMENTATIONS = YES;
				CLANG_WARN_DIRECT_OBJC_ISA_USAGE = YES_ERROR;
				CLANG_WARN_DOCUMENTATION_COMMENTS = YES;
				CLANG_WARN_EMPTY_BODY = YES;
				CLANG_WARN_ENUM_CONVERSION = YES;
				CLANG_WARN_INFINITE_RECURSION = YES;
				CLANG_WARN_INT_CONVERSION = YES;
				CLANG_WARN_NON_LITERAL_NULL_CONVERSION = YES;
				CLANG_WARN_OBJC_IMPLICIT_RETAIN_SELF = YES;
				CLANG_WARN_OBJC_LITERAL_CONVERSION = YES;
				CLANG_WARN_OBJC_ROOT_CLASS = YES_ERROR;
				CLANG_WARN_QUOTED_INCLUDE_IN_FRAMEWORK_HEADER = YES;
				CLANG_WARN_RANGE_LOOP_ANALYSIS = YES;
				CLANG_WARN_STRICT_PROTOTYPES = YES;
				CLANG_WARN_SUSPICIOUS_MOVE = YES;
				CLANG_WARN_UNGUARDED_AVAILABILITY = YES_AGGRESSIVE;
				CLANG_WARN_UNREACHABLE_CODE = YES;
				CLANG_WARN__DUPLICATE_METHOD_MATCH = YES;
				COPY_PHASE_STRIP = NO;
				DEBUG_INFORMATION_FORMAT = dwarf;
				ENABLE_STRICT_OBJC_MSGSEND = YES;
				ENABLE_TESTABILITY = YES;
				GCC_C_LANGUAGE_STANDARD = gnu11;
				GCC_DYNAMIC_NO_PIC = NO;
				GCC_NO_COMMON_BLOCKS = YES;
				GCC_OPTIMIZATION_LEVEL = 0;
				GCC_PREPROCESSOR_DEFINITIONS = (
					"DEBUG=1",
					"$(inherited)",
				);
				GCC_WARN_64_TO_32_BIT_CONVERSION = YES;
				GCC_WARN_ABOUT_RETURN_TYPE = YES_ERROR;
				GCC_WARN_UNDECLARED_SELECTOR = YES;
				GCC_WARN_UNINITIALIZED_AUTOS = YES_AGGRESSIVE;
				GCC_WARN_UNUSED_FUNCTION = YES;
				GCC_WARN_UNUSED_VARIABLE = YES;
				IPHONEOS_DEPLOYMENT_TARGET = 16.4;
				MTL_ENABLE_DEBUG_INFO = INCLUDE_SOURCE;
				MTL_FAST_MATH = YES;
				ONLY_ACTIVE_ARCH = YES;
				SDKROOT = iphoneos;
				SWIFT_ACTIVE_COMPILATION_CONDITIONS = DEBUG;
				SWIFT_OPTIMIZATION_LEVEL = "-Onone";
			};
			name = Debug;
		};
		1F2F8E802AAF98F800AE2BA2 /* Release */ = {
			isa = XCBuildConfiguration;
			buildSettings = {
				ALWAYS_SEARCH_USER_PATHS = NO;
				CLANG_ANALYZER_NONNULL = YES;
				CLANG_ANALYZER_NUMBER_OBJECT_CONVERSION = YES_AGGRESSIVE;
				CLANG_CXX_LANGUAGE_STANDARD = "gnu++20";
				CLANG_ENABLE_MODULES = YES;
				CLANG_ENABLE_OBJC_ARC = YES;
				CLANG_ENABLE_OBJC_WEAK = YES;
				CLANG_WARN_BLOCK_CAPTURE_AUTORELEASING = YES;
				CLANG_WARN_BOOL_CONVERSION = YES;
				CLANG_WARN_COMMA = YES;
				CLANG_WARN_CONSTANT_CONVERSION = YES;
				CLANG_WARN_DEPRECATED_OBJC_IMPLEMENTATIONS = YES;
				CLANG_WARN_DIRECT_OBJC_ISA_USAGE = YES_ERROR;
				CLANG_WARN_DOCUMENTATION_COMMENTS = YES;
				CLANG_WARN_EMPTY_BODY = YES;
				CLANG_WARN_ENUM_CONVERSION = YES;
				CLANG_WARN_INFINITE_RECURSION = YES;
				CLANG_WARN_INT_CONVERSION = YES;
				CLANG_WARN_NON_LITERAL_NULL_CONVERSION = YES;
				CLANG_WARN_OBJC_IMPLICIT_RETAIN_SELF = YES;
				CLANG_WARN_OBJC_LITERAL_CONVERSION = YES;
				CLANG_WARN_OBJC_ROOT_CLASS = YES_ERROR;
				CLANG_WARN_QUOTED_INCLUDE_IN_FRAMEWORK_HEADER = YES;
				CLANG_WARN_RANGE_LOOP_ANALYSIS = YES;
				CLANG_WARN_STRICT_PROTOTYPES = YES;
				CLANG_WARN_SUSPICIOUS_MOVE = YES;
				CLANG_WARN_UNGUARDED_AVAILABILITY = YES_AGGRESSIVE;
				CLANG_WARN_UNREACHABLE_CODE = YES;
				CLANG_WARN__DUPLICATE_METHOD_MATCH = YES;
				COPY_PHASE_STRIP = NO;
				DEBUG_INFORMATION_FORMAT = "dwarf-with-dsym";
				ENABLE_NS_ASSERTIONS = NO;
				ENABLE_STRICT_OBJC_MSGSEND = YES;
				GCC_C_LANGUAGE_STANDARD = gnu11;
				GCC_NO_COMMON_BLOCKS = YES;
				GCC_WARN_64_TO_32_BIT_CONVERSION = YES;
				GCC_WARN_ABOUT_RETURN_TYPE = YES_ERROR;
				GCC_WARN_UNDECLARED_SELECTOR = YES;
				GCC_WARN_UNINITIALIZED_AUTOS = YES_AGGRESSIVE;
				GCC_WARN_UNUSED_FUNCTION = YES;
				GCC_WARN_UNUSED_VARIABLE = YES;
				IPHONEOS_DEPLOYMENT_TARGET = 16.4;
				MTL_ENABLE_DEBUG_INFO = NO;
				MTL_FAST_MATH = YES;
				SDKROOT = iphoneos;
				SWIFT_COMPILATION_MODE = wholemodule;
				SWIFT_OPTIMIZATION_LEVEL = "-O";
				VALIDATE_PRODUCT = YES;
			};
			name = Release;
		};
		1F2F8E822AAF98F800AE2BA2 /* Debug */ = {
			isa = XCBuildConfiguration;
			buildSettings = {
				ASSETCATALOG_COMPILER_APPICON_NAME = AppIcon;
				ASSETCATALOG_COMPILER_GLOBAL_ACCENT_COLOR_NAME = AccentColor;
				CODE_SIGN_STYLE = Automatic;
				CURRENT_PROJECT_VERSION = 1;
				DEVELOPMENT_ASSET_PATHS = "\"Enkanto/Preview Content\"";
				DEVELOPMENT_TEAM = DME8VM23B4;
				ENABLE_PREVIEWS = YES;
				GENERATE_INFOPLIST_FILE = YES;
				INFOPLIST_KEY_UIApplicationSceneManifest_Generation = YES;
				INFOPLIST_KEY_UIApplicationSupportsIndirectInputEvents = YES;
				INFOPLIST_KEY_UILaunchScreen_Generation = YES;
				INFOPLIST_KEY_UISupportedInterfaceOrientations_iPad = "UIInterfaceOrientationPortrait UIInterfaceOrientationPortraitUpsideDown UIInterfaceOrientationLandscapeLeft UIInterfaceOrientationLandscapeRight";
				INFOPLIST_KEY_UISupportedInterfaceOrientations_iPhone = "UIInterfaceOrientationPortrait UIInterfaceOrientationLandscapeLeft UIInterfaceOrientationLandscapeRight";
				IPHONEOS_DEPLOYMENT_TARGET = 16.0;
				LD_RUNPATH_SEARCH_PATHS = (
					"$(inherited)",
					"@executable_path/Frameworks",
				);
				MARKETING_VERSION = 1.0;
				PRODUCT_BUNDLE_IDENTIFIER = com.iferreira.Enkanto;
				PRODUCT_NAME = "$(TARGET_NAME)";
				SWIFT_EMIT_LOC_STRINGS = YES;
				SWIFT_VERSION = 5.0;
				TARGETED_DEVICE_FAMILY = "1,2";
			};
			name = Debug;
		};
		1F2F8E832AAF98F800AE2BA2 /* Release */ = {
			isa = XCBuildConfiguration;
			buildSettings = {
				ASSETCATALOG_COMPILER_APPICON_NAME = AppIcon;
				ASSETCATALOG_COMPILER_GLOBAL_ACCENT_COLOR_NAME = AccentColor;
				CODE_SIGN_STYLE = Automatic;
				CURRENT_PROJECT_VERSION = 1;
				DEVELOPMENT_ASSET_PATHS = "\"Enkanto/Preview Content\"";
				DEVELOPMENT_TEAM = DME8VM23B4;
				ENABLE_PREVIEWS = YES;
				GENERATE_INFOPLIST_FILE = YES;
				INFOPLIST_KEY_UIApplicationSceneManifest_Generation = YES;
				INFOPLIST_KEY_UIApplicationSupportsIndirectInputEvents = YES;
				INFOPLIST_KEY_UILaunchScreen_Generation = YES;
				INFOPLIST_KEY_UISupportedInterfaceOrientations_iPad = "UIInterfaceOrientationPortrait UIInterfaceOrientationPortraitUpsideDown UIInterfaceOrientationLandscapeLeft UIInterfaceOrientationLandscapeRight";
				INFOPLIST_KEY_UISupportedInterfaceOrientations_iPhone = "UIInterfaceOrientationPortrait UIInterfaceOrientationLandscapeLeft UIInterfaceOrientationLandscapeRight";
				IPHONEOS_DEPLOYMENT_TARGET = 16.0;
				LD_RUNPATH_SEARCH_PATHS = (
					"$(inherited)",
					"@executable_path/Frameworks",
				);
				MARKETING_VERSION = 1.0;
				PRODUCT_BUNDLE_IDENTIFIER = com.iferreira.Enkanto;
				PRODUCT_NAME = "$(TARGET_NAME)";
				SWIFT_EMIT_LOC_STRINGS = YES;
				SWIFT_VERSION = 5.0;
				TARGETED_DEVICE_FAMILY = "1,2";
			};
			name = Release;
		};
/* End XCBuildConfiguration section */

/* Begin XCConfigurationList section */
		1F2F8E6E2AAF98F700AE2BA2 /* Build configuration list for PBXProject "Enkanto" */ = {
			isa = XCConfigurationList;
			buildConfigurations = (
				1F2F8E7F2AAF98F800AE2BA2 /* Debug */,
				1F2F8E802AAF98F800AE2BA2 /* Release */,
			);
			defaultConfigurationIsVisible = 0;
			defaultConfigurationName = Release;
		};
		1F2F8E812AAF98F800AE2BA2 /* Build configuration list for PBXNativeTarget "Enkanto" */ = {
			isa = XCConfigurationList;
			buildConfigurations = (
				1F2F8E822AAF98F800AE2BA2 /* Debug */,
				1F2F8E832AAF98F800AE2BA2 /* Release */,
			);
			defaultConfigurationIsVisible = 0;
			defaultConfigurationName = Release;
		};
/* End XCConfigurationList section */

/* Begin XCRemoteSwiftPackageReference section */
		1F3353F72AB1E07A00DE758C /* XCRemoteSwiftPackageReference "Kingfisher" */ = {
			isa = XCRemoteSwiftPackageReference;
			repositoryURL = "https://github.com/onevcat/Kingfisher";
			requirement = {
				kind = upToNextMajorVersion;
				minimumVersion = 7.0.0;
			};
		};
/* End XCRemoteSwiftPackageReference section */

/* Begin XCSwiftPackageProductDependency section */
		1F3353F82AB1E07A00DE758C /* Kingfisher */ = {
			isa = XCSwiftPackageProductDependency;
			package = 1F3353F72AB1E07A00DE758C /* XCRemoteSwiftPackageReference "Kingfisher" */;
			productName = Kingfisher;
		};
/* End XCSwiftPackageProductDependency section */
	};
	rootObject = 1F2F8E6B2AAF98F700AE2BA2 /* Project object */;
}
